
Microsoft Visual Studio Solution File, Format Version 12.00
# Visual Studio Version 17
VisualStudioVersion = 17.5.33627.172
MinimumVisualStudioVersion = 10.0.40219.1
Project("{FAE04EC0-301F-11D3-BF4B-00C04F79EFBC}") = "WebApplication1", "WebApplication1\WebApplication1.csproj", "{898FA8D8-267C-48D7-8535-28027B511B9F}"
EndProject
Global
	GlobalSection(SolutionConfigurationPlatforms) = preSolution
		Debug|Any CPU = Debug|Any CPU
		Release|Any CPU = Release|Any CPU
	EndGlobalSection
	GlobalSection(ProjectConfigurationPlatforms) = postSolution
		{898FA8D8-267C-48D7-8535-28027B511B9F}.Debug|Any CPU.ActiveCfg = Debug|Any CPU
		{898FA8D8-267C-48D7-8535-28027B511B9F}.Debug|Any CPU.Build.0 = Debug|Any CPU
		{898FA8D8-267C-48D7-8535-28027B511B9F}.Release|Any CPU.ActiveCfg = Release|Any CPU
		{898FA8D8-267C-48D7-8535-28027B511B9F}.Release|Any CPU.Build.0 = Release|Any CPU
	EndGlobalSection
	GlobalSection(SolutionProperties) = preSolution
		HideSolutionNode = FALSE
	EndGlobalSection
	GlobalSection(ExtensibilityGlobals) = postSolution
		SolutionGuid = {8EEA7BBE-141E-4616-A8EE-23FB9D1A66C1}
	EndGlobalSection
EndGlobal
